<?xml version="1.0" encoding="UTF-8"?>
<CONFIG>
  <ProjectOptions>
    <Version Value="11"/>
    <PathDelim Value="\"/>
    <General>
      <Flags>
        <MainUnitHasCreateFormStatements Value="False"/>
        <MainUnitHasTitleStatement Value="False"/>
      </Flags>
      <SessionStorage Value="InProjectDir"/>
      <MainUnit Value="0"/>
      <Title Value="mormot2tests"/>
      <UseAppBundle Value="False"/>
      <ResourceType Value="res"/>
    </General>
    <i18n>
      <EnableI18N LFM="False"/>
    </i18n>
    <BuildModes Count="11">
      <Item1 Name="default" Default="True"/>
      <Item2 Name="win32">
        <CompilerOptions>
          <Version Value="11"/>
          <PathDelim Value="\"/>
          <Target>
            <Filename Value="fpc\bin\$(TargetCPU)-$(TargetOS)\mormot2tests"/>
          </Target>
          <SearchPaths>
            <IncludeFiles Value="../src;$(ProjOutDir)"/>
            <Libraries Value="..\static\$(TargetCPU)-$(TargetOS)"/>
            <OtherUnitFiles Value="../src;../src/core;../src/db;../src/rest"/>
            <UnitOutputDirectory Value="fpc\lib\$(TargetCPU)-$(TargetOS)"/>
          </SearchPaths>
          <Conditionals Value="if TargetOS='darwin' then
   CustomOptions := ' -Cg-';"/>
          <Parsing>
            <SyntaxOptions>
              <SyntaxMode Value="Delphi"/>
              <IncludeAssertionCode Value="True"/>
            </SyntaxOptions>
          </Parsing>
          <CodeGeneration>
            <SmartLinkUnit Value="True"/>
            <Checks>
              <IOChecks Value="True"/>
            </Checks>
            <TargetCPU Value="i386"/>
            <TargetOS Value="win32"/>
            <Optimizations>
              <OptimizationLevel Value="3"/>
            </Optimizations>
          </CodeGeneration>
          <Linking>
            <Debugging>
              <DebugInfoType Value="dsDwarf2Set"/>
              <UseExternalDbgSyms Value="True"/>
            </Debugging>
            <LinkSmart Value="True"/>
          </Linking>
          <Other>
            <Verbosity>
              <ShowNotes Value="False"/>
              <ShowHints Value="False"/>
            </Verbosity>
            <OtherDefines Count="6">
              <Define0 Value="FPC_CMEM"/>
              <Define1 Value="FPC_NO_DEFAULT_MEMORYMANAGER"/>
              <Define2 Value="FPC_SYNCMEM"/>
              <Define3 Value="FPC_FASTMM4"/>
              <Define4 Value="FPC_SYNTBB"/>
              <Define5 Value="FPC_SYNJEMALLOC"/>
            </OtherDefines>
          </Other>
        </CompilerOptions>
      </Item2>
      <Item3 Name="win64">
        <CompilerOptions>
          <Version Value="11"/>
          <PathDelim Value="\"/>
          <Target>
            <Filename Value="fpc\bin\$(TargetCPU)-$(TargetOS)\mormot2tests"/>
          </Target>
          <SearchPaths>
            <IncludeFiles Value="../src;$(ProjOutDir)"/>
            <Libraries Value="..\static\$(TargetCPU)-$(TargetOS)"/>
            <OtherUnitFiles Value="../src;../src/core;../src/db;../src/rest"/>
            <UnitOutputDirectory Value="fpc\lib\$(TargetCPU)-$(TargetOS)"/>
          </SearchPaths>
          <Conditionals Value="if TargetOS='darwin' then
   CustomOptions := ' -Cg-';"/>
          <Parsing>
            <SyntaxOptions>
              <SyntaxMode Value="Delphi"/>
              <IncludeAssertionCode Value="True"/>
            </SyntaxOptions>
          </Parsing>
          <CodeGeneration>
            <SmartLinkUnit Value="True"/>
            <Checks>
              <IOChecks Value="True"/>
            </Checks>
            <TargetCPU Value="x86_64"/>
            <TargetOS Value="win64"/>
            <Optimizations>
              <OptimizationLevel Value="2"/>
            </Optimizations>
          </CodeGeneration>
          <Linking>
            <LinkSmart Value="True"/>
          </Linking>
          <Other>
            <Verbosity>
              <ShowNotes Value="False"/>
              <ShowHints Value="False"/>
            </Verbosity>
            <OtherDefines Count="6">
              <Define0 Value="FPC_CMEM"/>
              <Define1 Value="FPC_NO_DEFAULT_MEMORYMANAGER"/>
              <Define2 Value="FPC_SYNCMEM"/>
              <Define3 Value="FPC_FASTMM4"/>
              <Define4 Value="FPC_SYNTBB"/>
              <Define5 Value="FPC_SYNJEMALLOC"/>
            </OtherDefines>
          </Other>
        </CompilerOptions>
      </Item3>
      <Item4 Name="lin32">
        <CompilerOptions>
          <Version Value="11"/>
          <PathDelim Value="\"/>
          <Target>
            <Filename Value="fpc\bin\$(TargetCPU)-$(TargetOS)\mormot2tests"/>
          </Target>
          <SearchPaths>
            <IncludeFiles Value="../src;$(ProjOutDir)"/>
            <Libraries Value="..\static\$(TargetCPU)-$(TargetOS)"/>
            <OtherUnitFiles Value="../src;../src/core;../src/db;../src/rest"/>
            <UnitOutputDirectory Value="fpc\lib\$(TargetCPU)-$(TargetOS)"/>
          </SearchPaths>
          <Conditionals Value="if TargetOS='darwin' then
   CustomOptions := ' -Cg-';"/>
          <Parsing>
            <SyntaxOptions>
              <SyntaxMode Value="Delphi"/>
              <IncludeAssertionCode Value="True"/>
            </SyntaxOptions>
          </Parsing>
          <CodeGeneration>
            <SmartLinkUnit Value="True"/>
            <Checks>
              <IOChecks Value="True"/>
            </Checks>
            <TargetCPU Value="i386"/>
            <TargetOS Value="linux"/>
            <Optimizations>
              <OptimizationLevel Value="3"/>
            </Optimizations>
          </CodeGeneration>
          <Linking>
            <Debugging>
              <GenerateDebugInfo Value="False"/>
              <DebugInfoType Value="dsDwarf2Set"/>
              <UseExternalDbgSyms Value="True"/>
            </Debugging>
            <LinkSmart Value="True"/>
          </Linking>
          <Other>
            <Verbosity>
              <ShowNotes Value="False"/>
              <ShowHints Value="False"/>
            </Verbosity>
            <OtherDefines Count="6">
              <Define0 Value="FPC_CMEM"/>
              <Define1 Value="FPC_NO_DEFAULT_MEMORYMANAGER"/>
              <Define2 Value="FPC_SYNCMEM"/>
              <Define3 Value="FPC_FASTMM4"/>
              <Define4 Value="FPC_SYNTBB"/>
              <Define5 Value="FPC_SYNJEMALLOC"/>
            </OtherDefines>
          </Other>
        </CompilerOptions>
      </Item4>
      <Item5 Name="lin64">
        <CompilerOptions>
          <Version Value="11"/>
          <PathDelim Value="\"/>
          <Target>
            <Filename Value="fpc\bin\$(TargetCPU)-$(TargetOS)\mormot2tests"/>
          </Target>
          <SearchPaths>
            <IncludeFiles Value="../src;$(ProjOutDir)"/>
            <Libraries Value="..\static\$(TargetCPU)-$(TargetOS)"/>
            <OtherUnitFiles Value="../src;../src/core;../src/db;../src/rest"/>
            <UnitOutputDirectory Value="fpc\lib\$(TargetCPU)-$(TargetOS)"/>
          </SearchPaths>
          <Conditionals Value="if TargetOS='darwin' then
   CustomOptions := ' -Cg-';"/>
          <Parsing>
            <SyntaxOptions>
              <SyntaxMode Value="Delphi"/>
              <IncludeAssertionCode Value="True"/>
            </SyntaxOptions>
          </Parsing>
          <CodeGeneration>
            <SmartLinkUnit Value="True"/>
            <Checks>
              <IOChecks Value="True"/>
            </Checks>
            <TargetCPU Value="x86_64"/>
            <TargetOS Value="linux"/>
            <Optimizations>
              <OptimizationLevel Value="3"/>
            </Optimizations>
          </CodeGeneration>
          <Linking>
            <Debugging>
              <DebugInfoType Value="dsDwarf2Set"/>
              <UseHeaptrc Value="True"/>
            </Debugging>
            <LinkSmart Value="True"/>
          </Linking>
          <Other>
            <Verbosity>
              <ShowNotes Value="False"/>
              <ShowHints Value="False"/>
            </Verbosity>
            <CompilerMessages>
              <IgnoredMessages idx5089="True"/>
            </CompilerMessages>
            <OtherDefines Count="6">
              <Define0 Value="FPC_CMEM"/>
              <Define1 Value="FPC_NO_DEFAULT_MEMORYMANAGER"/>
              <Define2 Value="FPC_SYNCMEM"/>
              <Define3 Value="FPC_FASTMM4"/>
              <Define4 Value="FPC_SYNTBB"/>
              <Define5 Value="FPC_SYNJEMALLOC"/>
            </OtherDefines>
          </Other>
        </CompilerOptions>
      </Item5>
      <Item6 Name="bsd32">
        <CompilerOptions>
          <Version Value="11"/>
          <PathDelim Value="\"/>
          <Target>
            <Filename Value="fpc\bin\$(TargetCPU)-$(TargetOS)\mormot2tests"/>
          </Target>
          <SearchPaths>
            <IncludeFiles Value="../src;$(ProjOutDir)"/>
            <Libraries Value="..\static\$(TargetCPU)-$(TargetOS)"/>
            <OtherUnitFiles Value="../src;../src/core;../src/db;../src/rest"/>
            <UnitOutputDirectory Value="fpc\lib\$(TargetCPU)-$(TargetOS)"/>
          </SearchPaths>
          <Conditionals Value="if TargetOS='darwin' then
   CustomOptions := ' -Cg-';"/>
          <Parsing>
            <SyntaxOptions>
              <SyntaxMode Value="Delphi"/>
              <IncludeAssertionCode Value="True"/>
            </SyntaxOptions>
          </Parsing>
          <CodeGeneration>
            <SmartLinkUnit Value="True"/>
            <Checks>
              <IOChecks Value="True"/>
            </Checks>
            <TargetCPU Value="i386"/>
            <TargetOS Value="freebsd"/>
            <Optimizations>
              <OptimizationLevel Value="3"/>
            </Optimizations>
          </CodeGeneration>
          <Linking>
            <Debugging>
              <GenerateDebugInfo Value="False"/>
              <DebugInfoType Value="dsDwarf2Set"/>
              <UseExternalDbgSyms Value="True"/>
            </Debugging>
            <LinkSmart Value="True"/>
          </Linking>
          <Other>
            <Verbosity>
              <ShowNotes Value="False"/>
              <ShowHints Value="False"/>
            </Verbosity>
          </Other>
        </CompilerOptions>
      </Item6>
      <Item7 Name="bsd64">
        <CompilerOptions>
          <Version Value="11"/>
          <PathDelim Value="\"/>
          <Target>
            <Filename Value="fpc\bin\$(TargetCPU)-$(TargetOS)\mormot2tests"/>
          </Target>
          <SearchPaths>
            <IncludeFiles Value="../src;$(ProjOutDir)"/>
            <Libraries Value="..\static\$(TargetCPU)-$(TargetOS)"/>
            <OtherUnitFiles Value="../src;../src/core;../src/db;../src/rest"/>
            <UnitOutputDirectory Value="fpc\lib\$(TargetCPU)-$(TargetOS)"/>
          </SearchPaths>
          <Conditionals Value="if TargetOS='darwin' then
   CustomOptions := ' -Cg-';"/>
          <Parsing>
            <SyntaxOptions>
              <SyntaxMode Value="Delphi"/>
              <IncludeAssertionCode Value="True"/>
            </SyntaxOptions>
          </Parsing>
          <CodeGeneration>
            <SmartLinkUnit Value="True"/>
            <Checks>
              <IOChecks Value="True"/>
            </Checks>
            <TargetCPU Value="x86_64"/>
            <TargetOS Value="freebsd"/>
            <Optimizations>
              <OptimizationLevel Value="3"/>
            </Optimizations>
          </CodeGeneration>
          <Linking>
            <Debugging>
              <GenerateDebugInfo Value="False"/>
              <DebugInfoType Value="dsDwarf2Set"/>
              <UseExternalDbgSyms Value="True"/>
            </Debugging>
            <LinkSmart Value="True"/>
          </Linking>
          <Other>
            <Verbosity>
              <ShowNotes Value="False"/>
              <ShowHints Value="False"/>
            </Verbosity>
          </Other>
        </CompilerOptions>
      </Item7>
      <Item8 Name="darwin32">
        <CompilerOptions>
          <Version Value="11"/>
          <PathDelim Value="\"/>
          <Target>
            <Filename Value="fpc\bin\$(TargetCPU)-$(TargetOS)\mormot2tests"/>
          </Target>
          <SearchPaths>
            <IncludeFiles Value="../src;$(ProjOutDir)"/>
            <Libraries Value="..\static\$(TargetCPU)-$(TargetOS)"/>
            <OtherUnitFiles Value="../src;../src/core;../src/db;../src/rest"/>
            <UnitOutputDirectory Value="fpc\lib\$(TargetCPU)-$(TargetOS)"/>
          </SearchPaths>
          <Conditionals Value="if TargetOS='darwin' then
   CustomOptions := ' -Cg-';"/>
          <Parsing>
            <SyntaxOptions>
              <SyntaxMode Value="Delphi"/>
              <IncludeAssertionCode Value="True"/>
            </SyntaxOptions>
          </Parsing>
          <CodeGeneration>
            <SmartLinkUnit Value="True"/>
            <Checks>
              <IOChecks Value="True"/>
            </Checks>
            <TargetCPU Value="i386"/>
            <TargetOS Value="darwin"/>
            <Optimizations>
              <OptimizationLevel Value="3"/>
            </Optimizations>
          </CodeGeneration>
          <Linking>
            <Debugging>
              <GenerateDebugInfo Value="False"/>
              <DebugInfoType Value="dsDwarf2Set"/>
              <UseExternalDbgSyms Value="True"/>
            </Debugging>
            <LinkSmart Value="True"/>
          </Linking>
          <Other>
            <Verbosity>
              <ShowNotes Value="False"/>
              <ShowHints Value="False"/>
            </Verbosity>
            <OtherDefines Count="6">
              <Define0 Value="FPC_CMEM"/>
              <Define1 Value="FPC_NO_DEFAULT_MEMORYMANAGER"/>
              <Define2 Value="FPC_SYNCMEM"/>
              <Define3 Value="FPC_FASTMM4"/>
              <Define4 Value="FPC_SYNTBB"/>
              <Define5 Value="FPC_SYNJEMALLOC"/>
            </OtherDefines>
          </Other>
        </CompilerOptions>
      </Item8>
      <Item9 Name="darwin64">
        <CompilerOptions>
          <Version Value="11"/>
          <PathDelim Value="\"/>
          <Target>
            <Filename Value="fpc\bin\$(TargetCPU)-$(TargetOS)\mormot2tests"/>
          </Target>
          <SearchPaths>
            <IncludeFiles Value="../src;$(ProjOutDir)"/>
            <Libraries Value="..\static\$(TargetCPU)-$(TargetOS)"/>
            <OtherUnitFiles Value="../src;../src/core;../src/db;../src/rest"/>
            <UnitOutputDirectory Value="fpc\lib\$(TargetCPU)-$(TargetOS)"/>
          </SearchPaths>
          <Conditionals Value="//if TargetOS='darwin' then
//   CustomOptions := ' -Cg-';"/>
          <Parsing>
            <SyntaxOptions>
              <SyntaxMode Value="Delphi"/>
              <IncludeAssertionCode Value="True"/>
            </SyntaxOptions>
          </Parsing>
          <CodeGeneration>
            <SmartLinkUnit Value="True"/>
            <Checks>
              <IOChecks Value="True"/>
            </Checks>
            <TargetCPU Value="x86_64"/>
            <TargetOS Value="darwin"/>
            <Optimizations>
              <OptimizationLevel Value="2"/>
            </Optimizations>
          </CodeGeneration>
          <Linking>
            <Debugging>
              <GenerateDebugInfo Value="False"/>
              <DebugInfoType Value="dsDwarf2Set"/>
              <UseExternalDbgSyms Value="True"/>
            </Debugging>
            <LinkSmart Value="True"/>
          </Linking>
          <Other>
            <Verbosity>
              <ShowNotes Value="False"/>
              <ShowHints Value="False"/>
            </Verbosity>
            <CustomOptions Value="-dFPC_NO_DEFAULT_MEMORYMANAGER
-dFPC_CMEM"/>
            <OtherDefines Count="6">
              <Define0 Value="FPC_CMEM"/>
              <Define1 Value="FPC_NO_DEFAULT_MEMORYMANAGER"/>
              <Define2 Value="FPC_SYNCMEM"/>
              <Define3 Value="FPC_FASTMM4"/>
              <Define4 Value="FPC_SYNTBB"/>
              <Define5 Value="FPC_SYNJEMALLOC"/>
            </OtherDefines>
          </Other>
        </CompilerOptions>
      </Item9>
      <Item10 Name="linarm32">
        <CompilerOptions>
          <Version Value="11"/>
          <PathDelim Value="\"/>
          <Target>
            <Filename Value="fpc\bin\$(TargetCPU)-$(TargetOS)\mormot2tests"/>
          </Target>
          <SearchPaths>
            <IncludeFiles Value="../src;$(ProjOutDir)"/>
            <Libraries Value="..\static\$(TargetCPU)-$(TargetOS)"/>
            <OtherUnitFiles Value="../src;../src/core;../src/db;../src/rest"/>
            <UnitOutputDirectory Value="fpc\lib\$(TargetCPU)-$(TargetOS)"/>
          </SearchPaths>
          <Conditionals Value="if TargetOS='darwin' then
   CustomOptions := ' -Cg-';"/>
          <Parsing>
            <SyntaxOptions>
              <SyntaxMode Value="Delphi"/>
              <IncludeAssertionCode Value="True"/>
            </SyntaxOptions>
          </Parsing>
          <CodeGeneration>
            <SmartLinkUnit Value="True"/>
            <Checks>
              <IOChecks Value="True"/>
            </Checks>
            <TargetCPU Value="arm"/>
            <TargetOS Value="linux"/>
            <Optimizations>
              <OptimizationLevel Value="3"/>
            </Optimizations>
          </CodeGeneration>
          <Linking>
            <Debugging>
              <GenerateDebugInfo Value="False"/>
              <DebugInfoType Value="dsDwarf2Set"/>
              <UseExternalDbgSyms Value="True"/>
            </Debugging>
            <LinkSmart Value="True"/>
          </Linking>
          <Other>
            <Verbosity>
              <ShowNotes Value="False"/>
              <ShowHints Value="False"/>
            </Verbosity>
          </Other>
        </CompilerOptions>
      </Item10>
      <Item11 Name="linarm64">
        <CompilerOptions>
          <Version Value="11"/>
          <PathDelim Value="\"/>
          <Target>
            <Filename Value="fpc\bin\$(TargetCPU)-$(TargetOS)\mormot2tests"/>
          </Target>
          <SearchPaths>
            <IncludeFiles Value="../src;$(ProjOutDir)"/>
            <Libraries Value="..\static\$(TargetCPU)-$(TargetOS)"/>
            <OtherUnitFiles Value="../src;../src/core;../src/db;../src/rest"/>
            <UnitOutputDirectory Value="fpc\lib\$(TargetCPU)-$(TargetOS)"/>
          </SearchPaths>
          <Conditionals Value="if TargetOS='darwin' then
   CustomOptions := ' -Cg-';"/>
          <Parsing>
            <SyntaxOptions>
              <SyntaxMode Value="Delphi"/>
              <IncludeAssertionCode Value="True"/>
            </SyntaxOptions>
          </Parsing>
          <CodeGeneration>
            <SmartLinkUnit Value="True"/>
            <Checks>
              <IOChecks Value="True"/>
            </Checks>
            <TargetCPU Value="aarch64"/>
            <TargetOS Value="linux"/>
            <Optimizations>
              <OptimizationLevel Value="3"/>
            </Optimizations>
          </CodeGeneration>
          <Linking>
            <Debugging>
              <GenerateDebugInfo Value="False"/>
              <DebugInfoType Value="dsDwarf2Set"/>
              <UseExternalDbgSyms Value="True"/>
            </Debugging>
            <LinkSmart Value="True"/>
          </Linking>
          <Other>
            <Verbosity>
              <ShowNotes Value="False"/>
              <ShowHints Value="False"/>
            </Verbosity>
          </Other>
        </CompilerOptions>
      </Item11>
    </BuildModes>
    <PublishOptions>
      <Version Value="2"/>
    </PublishOptions>
    <RunParams>
      <FormatVersion Value="2"/>
      <Modes Count="1">
        <Mode0 Name="default"/>
      </Modes>
    </RunParams>
  </ProjectOptions>
  <CompilerOptions>
    <Version Value="11"/>
    <PathDelim Value="\"/>
    <Target>
      <Filename Value="fpc\bin\$(TargetCPU)-$(TargetOS)\mormot2tests"/>
    </Target>
    <SearchPaths>
      <IncludeFiles Value="../src;$(ProjOutDir)"/>
      <Libraries Value="..\static\$(TargetCPU)-$(TargetOS)"/>
      <OtherUnitFiles Value="../src;../src/core;../src/db;../src/rest"/>
      <UnitOutputDirectory Value="fpc\lib\$(TargetCPU)-$(TargetOS)"/>
    </SearchPaths>
    <Conditionals Value="if TargetOS='darwin' then
   CustomOptions := ' -Cg-';"/>
    <Parsing>
      <SyntaxOptions>
        <SyntaxMode Value="Delphi"/>
        <IncludeAssertionCode Value="True"/>
      </SyntaxOptions>
    </Parsing>
    <CodeGeneration>
      <Checks>
        <IOChecks Value="True"/>
        <StackChecks Value="True"/>
      </Checks>
    </CodeGeneration>
    <Linking>
      <Debugging>
        <DebugInfoType Value="dsDwarf2Set"/>
        <UseHeaptrc Value="True"/>
        <UseExternalDbgSyms Value="True"/>
      </Debugging>
    </Linking>
    <Other>
      <Verbosity>
        <ShowNotes Value="False"/>
        <ShowHints Value="False"/>
      </Verbosity>
      <OtherDefines Count="6">
        <Define0 Value="FPC_CMEM"/>
        <Define1 Value="FPC_NO_DEFAULT_MEMORYMANAGER"/>
        <Define2 Value="FPC_SYNCMEM"/>
        <Define3 Value="FPC_FASTMM4"/>
        <Define4 Value="FPC_SYNTBB"/>
        <Define5 Value="FPC_SYNJEMALLOC"/>
      </OtherDefines>
    </Other>
  </CompilerOptions>
  <Debugging>
    <Exceptions Count="5">
      <Item1>
        <Name Value="EAbort"/>
      </Item1>
      <Item2>
        <Name Value="ECodetoolError"/>
      </Item2>
      <Item3>
        <Name Value="EFOpenError"/>
      </Item3>
      <Item4>
        <Name Value="EInterfaceFactoryException"/>
      </Item4>
      <Item5>
        <Name Value="EAssertionFailed"/>
      </Item5>
    </Exceptions>
  </Debugging>
</CONFIG>
