<?xml version="1.0" encoding="UTF-8"?>
<CONFIG>
  <ProjectOptions>
    <Version Value="12"/>
    <General>
      <Flags>
        <MainUnitHasCreateFormStatements Value="False"/>
        <MainUnitHasTitleStatement Value="False"/>
        <MainUnitHasScaledStatement Value="False"/>
      </Flags>
      <SessionStorage Value="InProjectDir"/>
      <Title Value="restws_longworkclient"/>
      <UseAppBundle Value="False"/>
      <ResourceType Value="res"/>
    </General>
    <BuildModes>
      <Item Name="Default" Default="True"/>
    </BuildModes>
    <PublishOptions>
      <Version Value="2"/>
      <UseFileFilters Value="True"/>
    </PublishOptions>
    <RunParams>
      <FormatVersion Value="2"/>
    </RunParams>
    <RequiredPackages>
      <Item>
        <PackageName Value="mormot2"/>
      </Item>
    </RequiredPackages>
    <Units>
      <Unit>
        <Filename Value="restws_longworkclient.dpr"/>
        <IsPartOfProject Value="True"/>
      </Unit>
    </Units>
  </ProjectOptions>
  <CompilerOptions>
    <Version Value="11"/>
    <Target>
      <Filename Value="exe/restws_longworkclient"/>
    </Target>
    <SearchPaths>
      <IncludeFiles Value="$(ProjOutDir)"/>
      <UnitOutputDirectory Value="lib/$(TargetCPU)-$(TargetOS)"/>
    </SearchPaths>
    <CodeGeneration>
      <Optimizations>
        <OptimizationLevel Value="3"/>
      </Optimizations>
    </CodeGeneration>
    <Linking>
      <Debugging>
        <GenerateDebugInfo Value="False"/>
      </Debugging>
    </Linking>
    <Other>
      <OtherDefines Count="4">
        <Define0 Value="FPC_NO_DEFAULT_MEMORYMANAGER"/>
        <Define1 Value="FPC_X64MM"/>
        <Define2 Value="FPCMM_SERVER"/>
        <Define3 Value="FPCMM_REPORTMEMORYLEAKS"/>
      </OtherDefines>
    </Other>
  </CompilerOptions>
  <Debugging>
    <Exceptions>
      <Item>
        <Name Value="EAbort"/>
      </Item>
      <Item>
        <Name Value="ECodetoolError"/>
      </Item>
      <Item>
        <Name Value="EFOpenError"/>
      </Item>
      <Item>
        <Name Value="EInterfaceFactoryException"/>
      </Item>
      <Item>
        <Name Value="EAssertionFailed"/>
      </Item>
      <Item>
        <Name Value="ERttiException"/>
      </Item>
      <Item>
        <Name Value="EFastReader"/>
      </Item>
      <Item>
        <Name Value="RunError(216)"/>
      </Item>
      <Item>
        <Name Value="ENetSock"/>
      </Item>
      <Item>
        <Name Value="EThreadError"/>
      </Item>
      <Item>
        <Name Value="ESynCrypto"/>
      </Item>
      <Item>
        <Name Value="ERelayProtocol"/>
      </Item>
      <Item>
        <Name Value="EServiceException"/>
      </Item>
      <Item>
        <Name Value="EFCreateError"/>
      </Item>
    </Exceptions>
  </Debugging>
</CONFIG>
