<?xml version="1.0" encoding="UTF-8"?>
<CONFIG>
  <ProjectOptions>
    <Version Value="12"/>
    <General>
      <Flags>
        <MainUnitHasCreateFormStatements Value="False"/>
        <MainUnitHasTitleStatement Value="False"/>
        <MainUnitHasScaledStatement Value="False"/>
      </Flags>
      <SessionStorage Value="InProjectDir"/>
      <AutoCreateForms Value="False"/>
      <Title Value="Rechnung"/>
      <ResourceType Value="res"/>
      <UseXPManifest Value="True"/>
      <XPManifest>
        <DpiAware Value="True"/>
        <TextName Value="Rechnung"/>
        <TextDesc Value="Martins Invoice Program"/>
      </XPManifest>
      <Icon Value="0"/>
    </General>
    <VersionInfo>
      <UseVersionInfo Value="True"/>
      <AutoIncrementBuild Value="True"/>
      <MajorVersionNr Value="2"/>
      <BuildNr Value="681"/>
      <Language Value="0407"/>
      <StringTable CompanyName="martindoyle"/>
    </VersionInfo>
    <BuildModes>
      <Item Name="default" Default="True"/>
      <Item Name="win32">
        <CompilerOptions>
          <Version Value="11"/>
          <PathDelim Value="\"/>
          <Target>
            <Filename Value="fpc\bin\$(TargetCPU)-$(TargetOS)\Rechnung"/>
          </Target>
          <SearchPaths>
            <IncludeFiles Value="$(ProjOutDir)"/>
            <OtherUnitFiles Value="Components"/>
            <UnitOutputDirectory Value="fpc\lib\$(TargetCPU)-$(TargetOS)"/>
          </SearchPaths>
          <Conditionals Value="if TargetOS=&apos;darwin&apos; then
   CustomOptions := &apos; -Cg-&apos;;"/>
          <Parsing>
            <SyntaxOptions>
              <SyntaxMode Value="Delphi"/>
              <IncludeAssertionCode Value="True"/>
            </SyntaxOptions>
          </Parsing>
          <CodeGeneration>
            <SmartLinkUnit Value="True"/>
            <Checks>
              <IOChecks Value="True"/>
            </Checks>
            <TargetCPU Value="i386"/>
            <TargetOS Value="win32"/>
            <Optimizations>
              <OptimizationLevel Value="3"/>
            </Optimizations>
          </CodeGeneration>
          <Linking>
            <Debugging>
              <DebugInfoType Value="dsDwarf3"/>
              <UseLineInfoUnit Value="False"/>
            </Debugging>
            <LinkSmart Value="True"/>
          </Linking>
          <Other>
            <Verbosity>
              <ShowNotes Value="False"/>
              <ShowHints Value="False"/>
            </Verbosity>
          </Other>
        </CompilerOptions>
      </Item>
      <Item Name="win64">
        <CompilerOptions>
          <Version Value="11"/>
          <PathDelim Value="\"/>
          <Target>
            <Filename Value="fpc\bin\$(TargetCPU)-$(TargetOS)\Rechnung"/>
          </Target>
          <SearchPaths>
            <IncludeFiles Value="$(ProjOutDir)"/>
            <OtherUnitFiles Value="Components"/>
            <UnitOutputDirectory Value="fpc\lib\$(TargetCPU)-$(TargetOS)"/>
          </SearchPaths>
          <Conditionals Value="if TargetOS=&apos;darwin&apos; then
   CustomOptions := &apos; -Cg-&apos;;"/>
          <Parsing>
            <SyntaxOptions>
              <SyntaxMode Value="Delphi"/>
              <IncludeAssertionCode Value="True"/>
            </SyntaxOptions>
          </Parsing>
          <CodeGeneration>
            <SmartLinkUnit Value="True"/>
            <Checks>
              <IOChecks Value="True"/>
            </Checks>
            <TargetCPU Value="x86_64"/>
            <TargetOS Value="win64"/>
            <Optimizations>
              <OptimizationLevel Value="2"/>
            </Optimizations>
          </CodeGeneration>
          <Linking>
            <Debugging>
              <GenerateDebugInfo Value="False"/>
              <RunWithoutDebug Value="True"/>
              <DebugInfoType Value="dsDwarf3"/>
              <UseLineInfoUnit Value="False"/>
            </Debugging>
            <LinkSmart Value="True"/>
          </Linking>
          <Other>
            <Verbosity>
              <ShowNotes Value="False"/>
              <ShowHints Value="False"/>
            </Verbosity>
            <CustomOptions Value="-dFPC_NO_DEFAULT_MEMORYMANAGER
-dFPC_X64MM
-dFPCMM_DEBUG
-dFPCMM_REPORTMEMORYLEAKS"/>
            <OtherDefines Count="7">
              <Define0 Value="FPC_NO_DEFAULT_MEMORYMANAGER"/>
              <Define1 Value="FPC_X64MM"/>
              <Define2 Value="FPCMM_DEBUG"/>
              <Define3 Value="FPCMM_REPORTMEMORYLEAKS"/>
              <Define4 Value="PUREMORMOT2"/>
              <Define5 Value="FPCMM_SERVER"/>
              <Define6 Value="FPCMM_ASSUMEMULTITHREAD"/>
            </OtherDefines>
          </Other>
        </CompilerOptions>
      </Item>
      <Item Name="lin386">
        <CompilerOptions>
          <Version Value="11"/>
          <PathDelim Value="\"/>
          <Target>
            <Filename Value="fpc\bin\$(TargetCPU)-$(TargetOS)\Rechnung"/>
          </Target>
          <SearchPaths>
            <IncludeFiles Value="$(ProjOutDir)"/>
            <OtherUnitFiles Value="Components"/>
            <UnitOutputDirectory Value="fpc\lib\$(TargetCPU)-$(TargetOS)"/>
          </SearchPaths>
          <Conditionals Value="if TargetOS=&apos;darwin&apos; then
   CustomOptions := &apos; -Cg-&apos;;"/>
          <Parsing>
            <SyntaxOptions>
              <SyntaxMode Value="Delphi"/>
              <IncludeAssertionCode Value="True"/>
            </SyntaxOptions>
          </Parsing>
          <CodeGeneration>
            <SmartLinkUnit Value="True"/>
            <Checks>
              <IOChecks Value="True"/>
            </Checks>
            <TargetCPU Value="i386"/>
            <TargetOS Value="linux"/>
            <Optimizations>
              <OptimizationLevel Value="3"/>
            </Optimizations>
          </CodeGeneration>
          <Linking>
            <Debugging>
              <DebugInfoType Value="dsDwarf3"/>
              <UseLineInfoUnit Value="False"/>
            </Debugging>
            <LinkSmart Value="True"/>
          </Linking>
          <Other>
            <Verbosity>
              <ShowNotes Value="False"/>
              <ShowHints Value="False"/>
            </Verbosity>
          </Other>
        </CompilerOptions>
      </Item>
      <Item Name="linx64">
        <CompilerOptions>
          <Version Value="11"/>
          <PathDelim Value="\"/>
          <Target>
            <Filename Value="fpc\bin\$(TargetCPU)-$(TargetOS)\Rechnung"/>
          </Target>
          <SearchPaths>
            <IncludeFiles Value="$(ProjOutDir)"/>
            <OtherUnitFiles Value="Components"/>
            <UnitOutputDirectory Value="fpc\lib\$(TargetCPU)-$(TargetOS)"/>
          </SearchPaths>
          <Conditionals Value="if TargetOS=&apos;darwin&apos; then
   CustomOptions := &apos; -Cg-&apos;;"/>
          <Parsing>
            <SyntaxOptions>
              <SyntaxMode Value="Delphi"/>
              <IncludeAssertionCode Value="True"/>
            </SyntaxOptions>
          </Parsing>
          <CodeGeneration>
            <SmartLinkUnit Value="True"/>
            <Checks>
              <IOChecks Value="True"/>
            </Checks>
            <TargetCPU Value="x86_64"/>
            <TargetOS Value="linux"/>
            <Optimizations>
              <OptimizationLevel Value="3"/>
            </Optimizations>
          </CodeGeneration>
          <Linking>
            <Debugging>
              <DebugInfoType Value="dsDwarf3"/>
              <UseLineInfoUnit Value="False"/>
            </Debugging>
            <LinkSmart Value="True"/>
          </Linking>
          <Other>
            <Verbosity>
              <ShowNotes Value="False"/>
              <ShowHints Value="False"/>
            </Verbosity>
            <CompilerMessages>
              <IgnoredMessages idx5089="True"/>
            </CompilerMessages>
            <CustomOptions Value="-dFPC_NO_DEFAULT_MEMORYMANAGER
-dFPC_X64MM
-dFPCMM_DEBUG
-dFPCMM_REPORTMEMORYLEAKS
-dPUREMORMOT2
-dFPCMM_SERVER
-dFPCUSEVERSIONINFO"/>
            <OtherDefines Count="8">
              <Define0 Value="FPC_NO_DEFAULT_MEMORYMANAGER"/>
              <Define1 Value="FPC_X64MM"/>
              <Define2 Value="FPCMM_DEBUG"/>
              <Define3 Value="FPCMM_REPORTMEMORYLEAKS"/>
              <Define4 Value="PUREMORMOT2"/>
              <Define5 Value="FPCMM_SERVER"/>
              <Define6 Value="FPCMM_ASSUMEMULTITHREAD"/>
              <Define7 Value="FPCUSEVERSIONINFO"/>
            </OtherDefines>
          </Other>
        </CompilerOptions>
      </Item>
      <Item Name="bsd386">
        <CompilerOptions>
          <Version Value="11"/>
          <PathDelim Value="\"/>
          <Target>
            <Filename Value="fpc\bin\$(TargetCPU)-$(TargetOS)\Rechnung"/>
          </Target>
          <SearchPaths>
            <IncludeFiles Value="$(ProjOutDir)"/>
            <OtherUnitFiles Value="Components"/>
            <UnitOutputDirectory Value="fpc\lib\$(TargetCPU)-$(TargetOS)"/>
          </SearchPaths>
          <Conditionals Value="if TargetOS=&apos;darwin&apos; then
   CustomOptions := &apos; -Cg-&apos;;"/>
          <Parsing>
            <SyntaxOptions>
              <SyntaxMode Value="Delphi"/>
              <IncludeAssertionCode Value="True"/>
            </SyntaxOptions>
          </Parsing>
          <CodeGeneration>
            <SmartLinkUnit Value="True"/>
            <Checks>
              <IOChecks Value="True"/>
            </Checks>
            <TargetCPU Value="i386"/>
            <TargetOS Value="freebsd"/>
            <Optimizations>
              <OptimizationLevel Value="3"/>
            </Optimizations>
          </CodeGeneration>
          <Linking>
            <Debugging>
              <DebugInfoType Value="dsDwarf3"/>
              <UseLineInfoUnit Value="False"/>
            </Debugging>
            <LinkSmart Value="True"/>
          </Linking>
          <Other>
            <Verbosity>
              <ShowNotes Value="False"/>
              <ShowHints Value="False"/>
            </Verbosity>
            <OtherDefines Count="6">
              <Define0 Value="FPC_NO_DEFAULT_MEMORYMANAGER"/>
              <Define1 Value="FPC_X64MM"/>
              <Define2 Value="FPCMM_DEBUG"/>
              <Define3 Value="FPCMM_REPORTMEMORYLEAKS"/>
              <Define4 Value="PUREMORMOT2"/>
              <Define5 Value="FPCMM_SERVER"/>
            </OtherDefines>
          </Other>
        </CompilerOptions>
      </Item>
      <Item Name="bsdx64">
        <CompilerOptions>
          <Version Value="11"/>
          <PathDelim Value="\"/>
          <Target>
            <Filename Value="fpc\bin\$(TargetCPU)-$(TargetOS)\Rechnung"/>
          </Target>
          <SearchPaths>
            <IncludeFiles Value="$(ProjOutDir)"/>
            <OtherUnitFiles Value="Components"/>
            <UnitOutputDirectory Value="fpc\lib\$(TargetCPU)-$(TargetOS)"/>
          </SearchPaths>
          <Conditionals Value="if TargetOS=&apos;darwin&apos; then
   CustomOptions := &apos; -Cg-&apos;;"/>
          <Parsing>
            <SyntaxOptions>
              <SyntaxMode Value="Delphi"/>
              <IncludeAssertionCode Value="True"/>
            </SyntaxOptions>
          </Parsing>
          <CodeGeneration>
            <SmartLinkUnit Value="True"/>
            <Checks>
              <IOChecks Value="True"/>
            </Checks>
            <TargetCPU Value="x86_64"/>
            <TargetOS Value="freebsd"/>
            <Optimizations>
              <OptimizationLevel Value="3"/>
            </Optimizations>
          </CodeGeneration>
          <Linking>
            <Debugging>
              <DebugInfoType Value="dsDwarf3"/>
              <UseLineInfoUnit Value="False"/>
            </Debugging>
            <LinkSmart Value="True"/>
          </Linking>
          <Other>
            <Verbosity>
              <ShowNotes Value="False"/>
              <ShowHints Value="False"/>
            </Verbosity>
          </Other>
        </CompilerOptions>
      </Item>
      <Item Name="darw386">
        <CompilerOptions>
          <Version Value="11"/>
          <PathDelim Value="\"/>
          <Target>
            <Filename Value="fpc\bin\$(TargetCPU)-$(TargetOS)\Rechnung"/>
          </Target>
          <SearchPaths>
            <IncludeFiles Value="$(ProjOutDir)"/>
            <OtherUnitFiles Value="Components"/>
            <UnitOutputDirectory Value="fpc\lib\$(TargetCPU)-$(TargetOS)"/>
          </SearchPaths>
          <Conditionals Value="if TargetOS=&apos;darwin&apos; then
   CustomOptions := &apos; -Cg-&apos;;"/>
          <Parsing>
            <SyntaxOptions>
              <SyntaxMode Value="Delphi"/>
              <IncludeAssertionCode Value="True"/>
            </SyntaxOptions>
          </Parsing>
          <CodeGeneration>
            <SmartLinkUnit Value="True"/>
            <Checks>
              <IOChecks Value="True"/>
            </Checks>
            <TargetCPU Value="i386"/>
            <TargetOS Value="darwin"/>
            <Optimizations>
              <OptimizationLevel Value="3"/>
            </Optimizations>
          </CodeGeneration>
          <Linking>
            <Debugging>
              <DebugInfoType Value="dsDwarf3"/>
              <UseLineInfoUnit Value="False"/>
            </Debugging>
            <LinkSmart Value="True"/>
          </Linking>
          <Other>
            <Verbosity>
              <ShowNotes Value="False"/>
              <ShowHints Value="False"/>
            </Verbosity>
          </Other>
        </CompilerOptions>
      </Item>
      <Item Name="darwx64">
        <CompilerOptions>
          <Version Value="11"/>
          <PathDelim Value="\"/>
          <Target>
            <Filename Value="fpc\bin\$(TargetCPU)-$(TargetOS)\Rechnung"/>
          </Target>
          <SearchPaths>
            <IncludeFiles Value="$(ProjOutDir)"/>
            <OtherUnitFiles Value="Components"/>
            <UnitOutputDirectory Value="fpc\lib\$(TargetCPU)-$(TargetOS)"/>
          </SearchPaths>
          <Conditionals Value="//if TargetOS=&apos;darwin&apos; then
//   CustomOptions := &apos; -Cg-&apos;;"/>
          <Parsing>
            <SyntaxOptions>
              <SyntaxMode Value="Delphi"/>
              <IncludeAssertionCode Value="True"/>
            </SyntaxOptions>
          </Parsing>
          <CodeGeneration>
            <SmartLinkUnit Value="True"/>
            <Checks>
              <IOChecks Value="True"/>
            </Checks>
            <TargetCPU Value="x86_64"/>
            <TargetOS Value="darwin"/>
            <Optimizations>
              <OptimizationLevel Value="2"/>
            </Optimizations>
          </CodeGeneration>
          <Linking>
            <Debugging>
              <DebugInfoType Value="dsDwarf3"/>
              <UseLineInfoUnit Value="False"/>
            </Debugging>
            <LinkSmart Value="True"/>
          </Linking>
          <Other>
            <Verbosity>
              <ShowNotes Value="False"/>
              <ShowHints Value="False"/>
            </Verbosity>
            <OtherDefines Count="7">
              <Define0 Value="FPC_NO_DEFAULT_MEMORYMANAGER"/>
              <Define1 Value="FPC_X64MM"/>
              <Define2 Value="FPCMM_DEBUG"/>
              <Define3 Value="FPCMM_REPORTMEMORYLEAKS"/>
              <Define4 Value="PUREMORMOT2"/>
              <Define5 Value="FPCMM_SERVER"/>
              <Define6 Value="FPCMM_ASSUMEMULTITHREAD"/>
            </OtherDefines>
          </Other>
        </CompilerOptions>
      </Item>
      <Item Name="linarm32">
        <CompilerOptions>
          <Version Value="11"/>
          <PathDelim Value="\"/>
          <Target>
            <Filename Value="fpc\bin\$(TargetCPU)-$(TargetOS)\Rechnung"/>
          </Target>
          <SearchPaths>
            <IncludeFiles Value="$(ProjOutDir)"/>
            <OtherUnitFiles Value="Components"/>
            <UnitOutputDirectory Value="fpc\lib\$(TargetCPU)-$(TargetOS)"/>
          </SearchPaths>
          <Conditionals Value="if TargetOS=&apos;darwin&apos; then
   CustomOptions := &apos; -Cg-&apos;;"/>
          <Parsing>
            <SyntaxOptions>
              <SyntaxMode Value="Delphi"/>
              <IncludeAssertionCode Value="True"/>
            </SyntaxOptions>
          </Parsing>
          <CodeGeneration>
            <SmartLinkUnit Value="True"/>
            <Checks>
              <IOChecks Value="True"/>
            </Checks>
            <TargetProcessor Value="ARMV7A"/>
            <TargetCPU Value="arm"/>
            <TargetOS Value="linux"/>
            <Optimizations>
              <OptimizationLevel Value="2"/>
            </Optimizations>
          </CodeGeneration>
          <Linking>
            <Debugging>
              <DebugInfoType Value="dsDwarf3"/>
              <UseLineInfoUnit Value="False"/>
            </Debugging>
            <LinkSmart Value="True"/>
          </Linking>
          <Other>
            <Verbosity>
              <ShowNotes Value="False"/>
              <ShowHints Value="False"/>
            </Verbosity>
            <OtherDefines Count="7">
              <Define0 Value="FPC_NO_DEFAULT_MEMORYMANAGER"/>
              <Define1 Value="FPC_X64MM"/>
              <Define2 Value="FPCMM_DEBUG"/>
              <Define3 Value="FPCMM_REPORTMEMORYLEAKS"/>
              <Define4 Value="PUREMORMOT2"/>
              <Define5 Value="FPCMM_SERVER"/>
              <Define6 Value="FPCMM_ASSUMEMULTITHREAD"/>
            </OtherDefines>
          </Other>
        </CompilerOptions>
      </Item>
      <Item Name="linarm64">
        <CompilerOptions>
          <Version Value="11"/>
          <PathDelim Value="\"/>
          <Target>
            <Filename Value="fpc\bin\$(TargetCPU)-$(TargetOS)\Rechnung"/>
          </Target>
          <SearchPaths>
            <IncludeFiles Value="$(ProjOutDir)"/>
            <OtherUnitFiles Value="Components"/>
            <UnitOutputDirectory Value="fpc\lib\$(TargetCPU)-$(TargetOS)"/>
          </SearchPaths>
          <Conditionals Value="if TargetOS=&apos;darwin&apos; then
   CustomOptions := &apos; -Cg-&apos;;"/>
          <Parsing>
            <SyntaxOptions>
              <SyntaxMode Value="Delphi"/>
              <IncludeAssertionCode Value="True"/>
            </SyntaxOptions>
          </Parsing>
          <CodeGeneration>
            <SmartLinkUnit Value="True"/>
            <Checks>
              <IOChecks Value="True"/>
            </Checks>
            <TargetCPU Value="aarch64"/>
            <TargetOS Value="linux"/>
            <Optimizations>
              <OptimizationLevel Value="3"/>
            </Optimizations>
          </CodeGeneration>
          <Linking>
            <Debugging>
              <GenerateDebugInfo Value="False"/>
              <RunWithoutDebug Value="True"/>
              <DebugInfoType Value="dsDwarf3"/>
              <UseLineInfoUnit Value="False"/>
            </Debugging>
            <LinkSmart Value="True"/>
          </Linking>
          <Other>
            <Verbosity>
              <ShowNotes Value="False"/>
              <ShowHints Value="False"/>
            </Verbosity>
          </Other>
        </CompilerOptions>
      </Item>
      <Item Name="andarm32">
        <CompilerOptions>
          <Version Value="11"/>
          <PathDelim Value="\"/>
          <Target>
            <Filename Value="fpc\bin\$(TargetCPU)-$(TargetOS)\Rechnung"/>
          </Target>
          <SearchPaths>
            <IncludeFiles Value="$(ProjOutDir)"/>
            <OtherUnitFiles Value="Components"/>
            <UnitOutputDirectory Value="fpc\lib\$(TargetCPU)-$(TargetOS)"/>
          </SearchPaths>
          <Conditionals Value="if TargetOS=&apos;darwin&apos; then
   CustomOptions := &apos; -Cg-&apos;;"/>
          <Parsing>
            <SyntaxOptions>
              <SyntaxMode Value="Delphi"/>
              <IncludeAssertionCode Value="True"/>
            </SyntaxOptions>
          </Parsing>
          <CodeGeneration>
            <SmartLinkUnit Value="True"/>
            <Checks>
              <IOChecks Value="True"/>
            </Checks>
            <TargetProcessor Value="ARMV7A"/>
            <TargetCPU Value="arm"/>
            <TargetOS Value="android"/>
            <Optimizations>
              <OptimizationLevel Value="2"/>
            </Optimizations>
          </CodeGeneration>
          <Linking>
            <Debugging>
              <DebugInfoType Value="dsDwarf3"/>
              <UseLineInfoUnit Value="False"/>
            </Debugging>
            <LinkSmart Value="True"/>
          </Linking>
          <Other>
            <Verbosity>
              <ShowNotes Value="False"/>
              <ShowHints Value="False"/>
            </Verbosity>
            <OtherDefines Count="7">
              <Define0 Value="FPC_NO_DEFAULT_MEMORYMANAGER"/>
              <Define1 Value="FPC_X64MM"/>
              <Define2 Value="FPCMM_DEBUG"/>
              <Define3 Value="FPCMM_REPORTMEMORYLEAKS"/>
              <Define4 Value="PUREMORMOT2"/>
              <Define5 Value="FPCMM_SERVER"/>
              <Define6 Value="FPCMM_ASSUMEMULTITHREAD"/>
            </OtherDefines>
          </Other>
        </CompilerOptions>
      </Item>
      <Item Name="andarm64">
        <CompilerOptions>
          <Version Value="11"/>
          <PathDelim Value="\"/>
          <Target>
            <Filename Value="fpc\bin\$(TargetCPU)-$(TargetOS)\Rechnung"/>
          </Target>
          <SearchPaths>
            <IncludeFiles Value="$(ProjOutDir)"/>
            <OtherUnitFiles Value="Components"/>
            <UnitOutputDirectory Value="fpc\lib\$(TargetCPU)-$(TargetOS)"/>
          </SearchPaths>
          <Conditionals Value="if TargetOS=&apos;darwin&apos; then
   CustomOptions := &apos; -Cg-&apos;;"/>
          <Parsing>
            <SyntaxOptions>
              <SyntaxMode Value="Delphi"/>
              <IncludeAssertionCode Value="True"/>
            </SyntaxOptions>
          </Parsing>
          <CodeGeneration>
            <SmartLinkUnit Value="True"/>
            <Checks>
              <IOChecks Value="True"/>
            </Checks>
            <TargetCPU Value="aarch64"/>
            <TargetOS Value="android"/>
            <Optimizations>
              <OptimizationLevel Value="3"/>
            </Optimizations>
          </CodeGeneration>
          <Linking>
            <Debugging>
              <DebugInfoType Value="dsDwarf3"/>
              <UseLineInfoUnit Value="False"/>
            </Debugging>
            <LinkSmart Value="True"/>
          </Linking>
          <Other>
            <Verbosity>
              <ShowNotes Value="False"/>
              <ShowHints Value="False"/>
            </Verbosity>
            <OtherDefines Count="7">
              <Define0 Value="FPC_NO_DEFAULT_MEMORYMANAGER"/>
              <Define1 Value="FPC_X64MM"/>
              <Define2 Value="FPCMM_DEBUG"/>
              <Define3 Value="FPCMM_REPORTMEMORYLEAKS"/>
              <Define4 Value="PUREMORMOT2"/>
              <Define5 Value="FPCMM_SERVER"/>
              <Define6 Value="FPCMM_ASSUMEMULTITHREAD"/>
            </OtherDefines>
          </Other>
        </CompilerOptions>
      </Item>
      <Item Name="andi386">
        <CompilerOptions>
          <Version Value="11"/>
          <PathDelim Value="\"/>
          <Target>
            <Filename Value="fpc\bin\$(TargetCPU)-$(TargetOS)\Rechnung"/>
          </Target>
          <SearchPaths>
            <IncludeFiles Value="$(ProjOutDir)"/>
            <OtherUnitFiles Value="Components"/>
            <UnitOutputDirectory Value="fpc\lib\$(TargetCPU)-$(TargetOS)"/>
          </SearchPaths>
          <Conditionals Value="if TargetOS=&apos;darwin&apos; then
   CustomOptions := &apos; -Cg-&apos;;"/>
          <Parsing>
            <SyntaxOptions>
              <SyntaxMode Value="Delphi"/>
              <IncludeAssertionCode Value="True"/>
            </SyntaxOptions>
          </Parsing>
          <CodeGeneration>
            <SmartLinkUnit Value="True"/>
            <Checks>
              <IOChecks Value="True"/>
            </Checks>
            <TargetCPU Value="i386"/>
            <TargetOS Value="android"/>
            <Optimizations>
              <OptimizationLevel Value="3"/>
            </Optimizations>
          </CodeGeneration>
          <Linking>
            <Debugging>
              <DebugInfoType Value="dsDwarf3"/>
              <UseLineInfoUnit Value="False"/>
            </Debugging>
            <LinkSmart Value="True"/>
          </Linking>
          <Other>
            <Verbosity>
              <ShowNotes Value="False"/>
              <ShowHints Value="False"/>
            </Verbosity>
            <OtherDefines Count="7">
              <Define0 Value="FPC_NO_DEFAULT_MEMORYMANAGER"/>
              <Define1 Value="FPC_X64MM"/>
              <Define2 Value="FPCMM_DEBUG"/>
              <Define3 Value="FPCMM_REPORTMEMORYLEAKS"/>
              <Define4 Value="PUREMORMOT2"/>
              <Define5 Value="FPCMM_SERVER"/>
              <Define6 Value="FPCMM_ASSUMEMULTITHREAD"/>
            </OtherDefines>
          </Other>
        </CompilerOptions>
      </Item>
      <Item Name="andx64">
        <CompilerOptions>
          <Version Value="11"/>
          <PathDelim Value="\"/>
          <Target>
            <Filename Value="fpc\bin\$(TargetCPU)-$(TargetOS)\Rechnung"/>
          </Target>
          <SearchPaths>
            <IncludeFiles Value="$(ProjOutDir)"/>
            <OtherUnitFiles Value="Components"/>
            <UnitOutputDirectory Value="fpc\lib\$(TargetCPU)-$(TargetOS)"/>
          </SearchPaths>
          <Conditionals Value="if TargetOS=&apos;darwin&apos; then
   CustomOptions := &apos; -Cg-&apos;;"/>
          <Parsing>
            <SyntaxOptions>
              <SyntaxMode Value="Delphi"/>
              <IncludeAssertionCode Value="True"/>
            </SyntaxOptions>
          </Parsing>
          <CodeGeneration>
            <SmartLinkUnit Value="True"/>
            <Checks>
              <IOChecks Value="True"/>
            </Checks>
            <TargetCPU Value="x86_64"/>
            <TargetOS Value="android"/>
            <Optimizations>
              <OptimizationLevel Value="3"/>
            </Optimizations>
          </CodeGeneration>
          <Linking>
            <Debugging>
              <DebugInfoType Value="dsDwarf3"/>
              <UseLineInfoUnit Value="False"/>
            </Debugging>
            <LinkSmart Value="True"/>
          </Linking>
          <Other>
            <Verbosity>
              <ShowNotes Value="False"/>
              <ShowHints Value="False"/>
            </Verbosity>
            <OtherDefines Count="7">
              <Define0 Value="FPC_NO_DEFAULT_MEMORYMANAGER"/>
              <Define1 Value="FPC_X64MM"/>
              <Define2 Value="FPCMM_DEBUG"/>
              <Define3 Value="FPCMM_REPORTMEMORYLEAKS"/>
              <Define4 Value="PUREMORMOT2"/>
              <Define5 Value="FPCMM_SERVER"/>
              <Define6 Value="FPCMM_ASSUMEMULTITHREAD"/>
            </OtherDefines>
          </Other>
        </CompilerOptions>
      </Item>
      <Item Name="darwarm64">
        <CompilerOptions>
          <Version Value="11"/>
          <PathDelim Value="\"/>
          <Target>
            <Filename Value="fpc\bin\$(TargetCPU)-$(TargetOS)\Rechnung"/>
          </Target>
          <SearchPaths>
            <IncludeFiles Value="$(ProjOutDir)"/>
            <OtherUnitFiles Value="Components"/>
            <UnitOutputDirectory Value="fpc\lib\$(TargetCPU)-$(TargetOS)"/>
          </SearchPaths>
          <Conditionals Value="//if TargetOS=&apos;darwin&apos; then
//   CustomOptions := &apos; -Cg-&apos;;"/>
          <Parsing>
            <SyntaxOptions>
              <SyntaxMode Value="Delphi"/>
              <IncludeAssertionCode Value="True"/>
            </SyntaxOptions>
          </Parsing>
          <CodeGeneration>
            <SmartLinkUnit Value="True"/>
            <RelocatableUnit Value="True"/>
            <Checks>
              <IOChecks Value="True"/>
            </Checks>
            <TargetCPU Value="aarch64"/>
            <TargetOS Value="darwin"/>
            <Optimizations>
              <OptimizationLevel Value="2"/>
            </Optimizations>
          </CodeGeneration>
          <Linking>
            <Debugging>
              <GenerateDebugInfo Value="False"/>
              <RunWithoutDebug Value="True"/>
              <DebugInfoType Value="dsDwarf3"/>
              <UseLineInfoUnit Value="False"/>
            </Debugging>
            <LinkSmart Value="True"/>
          </Linking>
          <Other>
            <Verbosity>
              <ShowNotes Value="False"/>
              <ShowHints Value="False"/>
            </Verbosity>
            <CustomOptions Value="-dPUREMORMOT2"/>
            <OtherDefines Count="10">
              <Define0 Value="FPC_NO_DEFAULT_MEMORYMANAGER"/>
              <Define1 Value="FPC_X64MM"/>
              <Define2 Value="FPCMM_DEBUG"/>
              <Define3 Value="FPCMM_REPORTMEMORYLEAKS"/>
              <Define4 Value="PUREMORMOT2"/>
              <Define5 Value="FPCMM_SERVER"/>
              <Define6 Value="FPCMM_ASSUMEMULTITHREAD"/>
              <Define7 Value="USE_OPENSSL"/>
              <Define8 Value="USEZEOS"/>
              <Define9 Value="FPC_LIBCMM"/>
            </OtherDefines>
          </Other>
        </CompilerOptions>
      </Item>
    </BuildModes>
    <PublishOptions>
      <Version Value="2"/>
      <UseFileFilters Value="True"/>
    </PublishOptions>
    <RunParams>
      <FormatVersion Value="2"/>
    </RunParams>
    <RequiredPackages>
      <Item>
        <PackageName Value="mormot2"/>
      </Item>
      <Item>
        <PackageName Value="LCL"/>
      </Item>
    </RequiredPackages>
    <Units>
      <Unit>
        <Filename Value="Rechnung.lpr"/>
        <IsPartOfProject Value="True"/>
      </Unit>
      <Unit>
        <Filename Value="rgmain.pas"/>
        <IsPartOfProject Value="True"/>
        <ComponentName Value="MainForm"/>
        <HasResources Value="True"/>
        <ResourceBaseClass Value="Form"/>
        <UnitName Value="rgMain"/>
      </Unit>
      <Unit>
        <Filename Value="rgconst.pas"/>
        <IsPartOfProject Value="True"/>
        <UnitName Value="rgConst"/>
      </Unit>
      <Unit>
        <Filename Value="rgdata.pas"/>
        <IsPartOfProject Value="True"/>
        <UnitName Value="rgData"/>
      </Unit>
      <Unit>
        <Filename Value="rgtype.pas"/>
        <IsPartOfProject Value="True"/>
        <UnitName Value="rgType"/>
      </Unit>
      <Unit>
        <Filename Value=".gitignore.txt"/>
        <IsPartOfProject Value="True"/>
      </Unit>
      <Unit>
        <Filename Value="rgbuttonframe.pas"/>
        <IsPartOfProject Value="True"/>
        <ComponentName Value="ButtonFrame"/>
        <HasResources Value="True"/>
        <ResourceBaseClass Value="Frame"/>
        <UnitName Value="rgButtonFrame"/>
      </Unit>
      <Unit>
        <Filename Value="rgabout.pas"/>
        <IsPartOfProject Value="True"/>
        <ComponentName Value="AboutForm"/>
        <HasResources Value="True"/>
        <ResourceBaseClass Value="Form"/>
        <UnitName Value="rgAbout"/>
      </Unit>
      <Unit>
        <Filename Value="rgdtotypes.pas"/>
        <IsPartOfProject Value="True"/>
        <UnitName Value="rgDtoTypes"/>
      </Unit>
      <Unit>
        <Filename Value="rgServiceInterfaces.pas"/>
        <IsPartOfProject Value="True"/>
      </Unit>
      <Unit>
        <Filename Value="rgConfig.pas"/>
        <IsPartOfProject Value="True"/>
      </Unit>
      <Unit>
        <Filename Value="rgServiceImplementation.pas"/>
        <IsPartOfProject Value="True"/>
      </Unit>
      <Unit>
        <Filename Value="rgServer.pas"/>
        <IsPartOfProject Value="True"/>
      </Unit>
      <Unit>
        <Filename Value="rgclient.pas"/>
        <IsPartOfProject Value="True"/>
        <UnitName Value="rgClient"/>
      </Unit>
      <Unit>
        <Filename Value="rgcustomeredit.pas"/>
        <IsPartOfProject Value="True"/>
        <ComponentName Value="CustomerEditForm"/>
        <HasResources Value="True"/>
        <ResourceBaseClass Value="Form"/>
        <UnitName Value="rgCustomerEdit"/>
      </Unit>
      <Unit>
        <Filename Value="rgcustomerlist.pas"/>
        <IsPartOfProject Value="True"/>
        <HasResources Value="True"/>
        <UnitName Value="rgCustomerList"/>
      </Unit>
      <Unit>
        <Filename Value="rgInvoiceList.pas"/>
        <IsPartOfProject Value="True"/>
        <ComponentName Value="InvoiceListForm"/>
        <HasResources Value="True"/>
        <ResourceBaseClass Value="Form"/>
      </Unit>
      <Unit>
        <Filename Value="rgPaymentEntry.pas"/>
        <IsPartOfProject Value="True"/>
        <ComponentName Value="PaymentEntryForm"/>
        <HasResources Value="True"/>
        <ResourceBaseClass Value="Form"/>
      </Unit>
      <Unit>
        <Filename Value="rgInvoiceEdit.pas"/>
        <IsPartOfProject Value="True"/>
        <ComponentName Value="InvoiceEditForm"/>
        <HasResources Value="True"/>
        <ResourceBaseClass Value="Form"/>
      </Unit>
      <Unit>
        <Filename Value="rgInvoiceItemEdit.pas"/>
        <IsPartOfProject Value="True"/>
        <ComponentName Value="InvoiceItemEditForm"/>
        <HasResources Value="True"/>
        <ResourceBaseClass Value="Form"/>
      </Unit>
      <Unit>
        <Filename Value="Components/mdforms.pas"/>
        <IsPartOfProject Value="True"/>
        <UnitName Value="MdForms"/>
      </Unit>
      <Unit>
        <Filename Value="Components/mdDates.pas"/>
        <IsPartOfProject Value="True"/>
      </Unit>
      <Unit>
        <Filename Value="rgReportBase.pas"/>
        <IsPartOfProject Value="True"/>
        <ComponentName Value="ReportBaseForm"/>
        <HasResources Value="True"/>
        <ResourceBaseClass Value="Form"/>
      </Unit>
      <Unit>
        <Filename Value="rgReportOpenItems.pas"/>
        <IsPartOfProject Value="True"/>
        <ComponentName Value="OpenItemsReportForm"/>
        <HasResources Value="True"/>
        <ResourceBaseClass Value="Form"/>
      </Unit>
      <Unit>
        <Filename Value="rgReportPayments.pas"/>
        <IsPartOfProject Value="True"/>
        <ComponentName Value="PaymentReceiptsReportForm"/>
        <HasResources Value="True"/>
        <ResourceBaseClass Value="Form"/>
      </Unit>
      <Unit>
        <Filename Value="rgReportRevenue.pas"/>
        <IsPartOfProject Value="True"/>
        <ComponentName Value="CustomerRevenueReportForm"/>
        <HasResources Value="True"/>
        <ResourceBaseClass Value="Form"/>
      </Unit>
      <Unit>
        <Filename Value="rgReportMonthly.pas"/>
        <IsPartOfProject Value="True"/>
        <ComponentName Value="MonthlyOverviewReportForm"/>
        <HasResources Value="True"/>
        <ResourceBaseClass Value="Form"/>
      </Unit>
    </Units>
  </ProjectOptions>
  <CompilerOptions>
    <Version Value="11"/>
    <PathDelim Value="\"/>
    <Target>
      <Filename Value="..\fpc\bin\$(TargetCPU)-$(TargetOS)\Rechnung"/>
    </Target>
    <SearchPaths>
      <IncludeFiles Value="$(ProjOutDir);Components"/>
      <OtherUnitFiles Value="..\Components"/>
      <UnitOutputDirectory Value="..\fpc\lib\$(TargetCPU)-$(TargetOS)"/>
    </SearchPaths>
    <Conditionals Value="if TargetOS=&apos;darwin&apos; then
   CustomOptions := &apos; -Cg-&apos;;"/>
    <Parsing>
      <SyntaxOptions>
        <SyntaxMode Value="Delphi"/>
        <IncludeAssertionCode Value="True"/>
      </SyntaxOptions>
    </Parsing>
    <CodeGeneration>
      <Checks>
        <IOChecks Value="True"/>
        <StackChecks Value="True"/>
      </Checks>
      <Optimizations>
        <OptimizationLevel Value="0"/>
      </Optimizations>
    </CodeGeneration>
    <Linking>
      <Debugging>
        <DebugInfoType Value="dsDwarf2Set"/>
        <UseLineInfoUnit Value="False"/>
        <UseHeaptrc Value="True"/>
      </Debugging>
    </Linking>
    <Other>
      <Verbosity>
        <ShowNotes Value="False"/>
        <ShowHints Value="False"/>
      </Verbosity>
      <CustomOptions Value="-dPUREMORMOT2
-dDEBUG
-dFPCUSEVERSIONINFO"/>
      <OtherDefines Count="3">
        <Define0 Value="PUREMORMOT2"/>
        <Define1 Value="DEBUG"/>
        <Define2 Value="FPCUSEVERSIONINFO"/>
      </OtherDefines>
    </Other>
  </CompilerOptions>
  <Debugging>
    <Exceptions>
      <Item>
        <Name Value="EAbort"/>
      </Item>
      <Item>
        <Name Value="ECodetoolError"/>
      </Item>
      <Item>
        <Name Value="EFOpenError"/>
      </Item>
    </Exceptions>
  </Debugging>
</CONFIG>
